
Microsoft Visual Studio Solution File, Format Version 12.00
# Visual Studio Version 17
VisualStudioVersion = 17.4.33213.308
MinimumVisualStudioVersion = 10.0.40219.1
Project("{FAE04EC0-301F-11D3-BF4B-00C04F79EFBC}") = "SF2022UserLibrary", "SF2022UserLibrary\SF2022UserLibrary.csproj", "{2D5BB9A8-006A-4139-A442-7200C88D26BB}"
EndProject
Project("{FAE04EC0-301F-11D3-BF4B-00C04F79EFBC}") = "SF2022UserTest", "SF2022UserTest\SF2022UserTest.csproj", "{DC01F218-D145-42F8-B4B1-A4C7BC16DF8A}"
EndProject
Global
	GlobalSection(SolutionConfigurationPlatforms) = preSolution
		Debug|Any CPU = Debug|Any CPU
		Release|Any CPU = Release|Any CPU
	EndGlobalSection
	GlobalSection(ProjectConfigurationPlatforms) = postSolution
		{2D5BB9A8-006A-4139-A442-7200C88D26BB}.Debug|Any CPU.ActiveCfg = Debug|Any CPU
		{2D5BB9A8-006A-4139-A442-7200C88D26BB}.Debug|Any CPU.Build.0 = Debug|Any CPU
		{2D5BB9A8-006A-4139-A442-7200C88D26BB}.Release|Any CPU.ActiveCfg = Release|Any CPU
		{2D5BB9A8-006A-4139-A442-7200C88D26BB}.Release|Any CPU.Build.0 = Release|Any CPU
		{DC01F218-D145-42F8-B4B1-A4C7BC16DF8A}.Debug|Any CPU.ActiveCfg = Debug|Any CPU
		{DC01F218-D145-42F8-B4B1-A4C7BC16DF8A}.Debug|Any CPU.Build.0 = Debug|Any CPU
		{DC01F218-D145-42F8-B4B1-A4C7BC16DF8A}.Release|Any CPU.ActiveCfg = Release|Any CPU
		{DC01F218-D145-42F8-B4B1-A4C7BC16DF8A}.Release|Any CPU.Build.0 = Release|Any CPU
	EndGlobalSection
	GlobalSection(SolutionProperties) = preSolution
		HideSolutionNode = FALSE
	EndGlobalSection
	GlobalSection(ExtensibilityGlobals) = postSolution
		SolutionGuid = {4C1D21E8-39F0-4CE2-B660-149FA4EB16FB}
	EndGlobalSection
EndGlobal
